{
  "version": 4,
  "terraform_version": "1.14.5",
  "serial": 1326,
  "lineage": "e61ee48b-7f4f-85c9-6182-7c542341622a",
  "outputs": {},
  "resources": [
    {
      "mode": "managed",
      "type": "random_integer",
      "name": "random_suffix",
      "provider": "provider[\"registry.terraform.io/hashicorp/random\"]",
      "instances": [
        {
          "schema_version": 0,
          "attributes": {
            "id": "7080",
            "keepers": null,
            "max": 9999,
            "min": 1000,
            "result": 7080,
            "seed": null
          },
          "sensitive_attributes": [],
          "identity_schema_version": 0
        }
      ]
    }
  ],
  "check_results": null
}
